{
  "requires": true,
  "lockfileVersion": 1,
  "dependencies": {
    "@types/yup": {
      "version": "0.29.8",
      "resolved": "https://registry.npmjs.org/@types/yup/-/yup-0.29.8.tgz",
      "integrity": "sha512-MBSp62AjB1KrSOI3gX9GekddXU5YYQAVA93+aSl78biBqoSzxg876aQY2KJK5Gnfbpqq7O2cadVX5kPAtBqIXw=="
    }
  }
}
